
Microsoft Visual Studio Solution File, Format Version 12.00
# Visual Studio Version 16
VisualStudioVersion = 16.0.29911.84
MinimumVisualStudioVersion = 10.0.40219.1
Project("{8BC9CEB8-8B4A-11D0-8D11-00A0C91BC942}") = "Builder", "Builder\Builder.vcxproj", "{AAB858A7-5E16-4EEC-B30F-24D4FC527F5D}"
EndProject
Global
	GlobalSection(SolutionConfigurationPlatforms) = preSolution
		Debug|x64 = Debug|x64
		Debug|x86 = Debug|x86
		Release|x64 = Release|x64
		Release|x86 = Release|x86
	EndGlobalSection
	GlobalSection(ProjectConfigurationPlatforms) = postSolution
		{AAB858A7-5E16-4EEC-B30F-24D4FC527F5D}.Debug|x64.ActiveCfg = Debug|x64
		{AAB858A7-5E16-4EEC-B30F-24D4FC527F5D}.Debug|x64.Build.0 = Debug|x64
		{AAB858A7-5E16-4EEC-B30F-24D4FC527F5D}.Debug|x86.ActiveCfg = Debug|Win32
		{AAB858A7-5E16-4EEC-B30F-24D4FC527F5D}.Debug|x86.Build.0 = Debug|Win32
		{AAB858A7-5E16-4EEC-B30F-24D4FC527F5D}.Release|x64.ActiveCfg = Release|x64
		{AAB858A7-5E16-4EEC-B30F-24D4FC527F5D}.Release|x64.Build.0 = Release|x64
		{AAB858A7-5E16-4EEC-B30F-24D4FC527F5D}.Release|x86.ActiveCfg = Release|Win32
		{AAB858A7-5E16-4EEC-B30F-24D4FC527F5D}.Release|x86.Build.0 = Release|Win32
	EndGlobalSection
	GlobalSection(SolutionProperties) = preSolution
		HideSolutionNode = FALSE
	EndGlobalSection
	GlobalSection(ExtensibilityGlobals) = postSolution
		SolutionGuid = {6C29DC1B-CDAA-40E0-BCE8-31B1389DB039}
	EndGlobalSection
EndGlobal
